
Microsoft Visual Studio Solution File, Format Version 12.00
# Visual Studio Version 16
VisualStudioVersion = 16.0.30804.86
MinimumVisualStudioVersion = 10.0.40219.1
Project("{8BC9CEB8-8B4A-11D0-8D11-00A0C91BC942}") = "VisualSort", "VisualSort\VisualSort.vcxproj", "{06720ED8-00AD-4175-8B3C-1F5BD02B7481}"
EndProject
Global
	GlobalSection(SolutionConfigurationPlatforms) = preSolution
		Debug|x64 = Debug|x64
		Debug|x86 = Debug|x86
		Release|x64 = Release|x64
		Release|x86 = Release|x86
	EndGlobalSection
	GlobalSection(ProjectConfigurationPlatforms) = postSolution
		{06720ED8-00AD-4175-8B3C-1F5BD02B7481}.Debug|x64.ActiveCfg = Debug|x64
		{06720ED8-00AD-4175-8B3C-1F5BD02B7481}.Debug|x64.Build.0 = Debug|x64
		{06720ED8-00AD-4175-8B3C-1F5BD02B7481}.Debug|x86.ActiveCfg = Debug|Win32
		{06720ED8-00AD-4175-8B3C-1F5BD02B7481}.Debug|x86.Build.0 = Debug|Win32
		{06720ED8-00AD-4175-8B3C-1F5BD02B7481}.Release|x64.ActiveCfg = Release|x64
		{06720ED8-00AD-4175-8B3C-1F5BD02B7481}.Release|x64.Build.0 = Release|x64
		{06720ED8-00AD-4175-8B3C-1F5BD02B7481}.Release|x86.ActiveCfg = Release|Win32
		{06720ED8-00AD-4175-8B3C-1F5BD02B7481}.Release|x86.Build.0 = Release|Win32
	EndGlobalSection
	GlobalSection(SolutionProperties) = preSolution
		HideSolutionNode = FALSE
	EndGlobalSection
	GlobalSection(ExtensibilityGlobals) = postSolution
		SolutionGuid = {BB49E667-9D97-48AA-A9B2-1A3BE0B98F75}
	EndGlobalSection
EndGlobal
